{
  "name": "somecolours",
  "version": "1.0.0",
  "lockfileVersion": 2,
  "requires": true,
  "packages": {
    "": {
      "name": "somecolours",
      "version": "1.0.0",
      "license": "ISC",
      "dependencies": {
        "hex-to-int": "^1.0.3"
      }
    },
    "node_modules/hex-to-int": {
      "version": "1.0.3",
      "resolved": "https://registry.npmjs.org/hex-to-int/-/hex-to-int-1.0.3.tgz",
      "integrity": "sha512-CSxqwINdX1Mp8uZpc2lP6GnCvMj0kmHw2j6m8vQJpPK8KC6WRW+M7BVfiX45JqWTffYxqC5i96zxi+hFLqGASA=="
    }
  },
  "dependencies": {
    "hex-to-int": {
      "version": "1.0.3",
      "resolved": "https://registry.npmjs.org/hex-to-int/-/hex-to-int-1.0.3.tgz",
      "integrity": "sha512-CSxqwINdX1Mp8uZpc2lP6GnCvMj0kmHw2j6m8vQJpPK8KC6WRW+M7BVfiX45JqWTffYxqC5i96zxi+hFLqGASA=="
    }
  }
}
